
Microsoft Visual Studio Solution File, Format Version 12.00
# Visual Studio Version 16
VisualStudioVersion = 16.0.29613.14
MinimumVisualStudioVersion = 10.0.40219.1
Project("{FAE04EC0-301F-11D3-BF4B-00C04F79EFBC}") = "StomatoloskaOrdinacija.WebAPI", "StomatoloskaOrdinacija.WebAPI\StomatoloskaOrdinacija.WebAPI.csproj", "{4C6BBD68-90AA-4E69-879A-F1AA44D9D6FA}"
EndProject
Project("{FAE04EC0-301F-11D3-BF4B-00C04F79EFBC}") = "StomatoloskaOrdinacija.Model", "StomatoloskaOrdinacija.Model\StomatoloskaOrdinacija.Model.csproj", "{EBA50A6F-317B-4276-BE86-E6E3D19F7380}"
EndProject
Global
	GlobalSection(SolutionConfigurationPlatforms) = preSolution
		Debug|Any CPU = Debug|Any CPU
		Release|Any CPU = Release|Any CPU
	EndGlobalSection
	GlobalSection(ProjectConfigurationPlatforms) = postSolution
		{4C6BBD68-90AA-4E69-879A-F1AA44D9D6FA}.Debug|Any CPU.ActiveCfg = Debug|Any CPU
		{4C6BBD68-90AA-4E69-879A-F1AA44D9D6FA}.Debug|Any CPU.Build.0 = Debug|Any CPU
		{4C6BBD68-90AA-4E69-879A-F1AA44D9D6FA}.Release|Any CPU.ActiveCfg = Release|Any CPU
		{4C6BBD68-90AA-4E69-879A-F1AA44D9D6FA}.Release|Any CPU.Build.0 = Release|Any CPU
		{EBA50A6F-317B-4276-BE86-E6E3D19F7380}.Debug|Any CPU.ActiveCfg = Debug|Any CPU
		{EBA50A6F-317B-4276-BE86-E6E3D19F7380}.Debug|Any CPU.Build.0 = Debug|Any CPU
		{EBA50A6F-317B-4276-BE86-E6E3D19F7380}.Release|Any CPU.ActiveCfg = Release|Any CPU
		{EBA50A6F-317B-4276-BE86-E6E3D19F7380}.Release|Any CPU.Build.0 = Release|Any CPU
	EndGlobalSection
	GlobalSection(SolutionProperties) = preSolution
		HideSolutionNode = FALSE
	EndGlobalSection
	GlobalSection(ExtensibilityGlobals) = postSolution
		SolutionGuid = {70D54697-33B7-470A-A09F-EFFE91323420}
	EndGlobalSection
EndGlobal
