
Microsoft Visual Studio Solution File, Format Version 12.00
# Visual Studio Version 16
VisualStudioVersion = 16.0.29613.14
MinimumVisualStudioVersion = 10.0.40219.1
Project("{9A19103F-16F7-4668-BE54-9A1E7A4F7556}") = "StomatoloskaOrdinacija.WebAPI", "StomatoloskaOrdinacija.WebAPI\StomatoloskaOrdinacija.WebAPI.csproj", "{4C6BBD68-90AA-4E69-879A-F1AA44D9D6FA}"
EndProject
Project("{9A19103F-16F7-4668-BE54-9A1E7A4F7556}") = "StomatoloskaOrdinacija.Model", "StomatoloskaOrdinacija.Model\StomatoloskaOrdinacija.Model.csproj", "{EBA50A6F-317B-4276-BE86-E6E3D19F7380}"
EndProject
Project("{FAE04EC0-301F-11D3-BF4B-00C04F79EFBC}") = "StomatoloskaOrdinacija.WinUI", "StomatoloskaOrdinacija.WinUI\StomatoloskaOrdinacija.WinUI.csproj", "{16F3AF25-9A7E-4BEA-A334-8A10819E75E4}"
EndProject
Project("{2150E333-8FDC-42A3-9474-1A3956D46DE8}") = "StomatoloskaOrdinacija.Mobile", "StomatoloskaOrdinacija.Mobile", "{E18D0A6B-C312-40B1-89E1-DB9C116D37CA}"
EndProject
Project("{FAE04EC0-301F-11D3-BF4B-00C04F79EFBC}") = "StomatoloskaOrdinacija.UWP", "StomatoloskaOrdinacija.Mobile\StomatoloskaOrdinacija\StomatoloskaOrdinacija.UWP\StomatoloskaOrdinacija.UWP.csproj", "{9A244CDA-0EDD-4882-8F86-46C38DE93193}"
EndProject
Project("{FAE04EC0-301F-11D3-BF4B-00C04F79EFBC}") = "StomatoloskaOrdinacija.Android", "StomatoloskaOrdinacija.Mobile\StomatoloskaOrdinacija\StomatoloskaOrdinacija.Android\StomatoloskaOrdinacija.Android.csproj", "{53B38EB6-6A17-4574-9BFD-85CDDBFFAF42}"
EndProject
Project("{FAE04EC0-301F-11D3-BF4B-00C04F79EFBC}") = "StomatoloskaOrdinacija.iOS", "StomatoloskaOrdinacija.Mobile\StomatoloskaOrdinacija\StomatoloskaOrdinacija.iOS\StomatoloskaOrdinacija.iOS.csproj", "{04BFCEEF-6202-4014-9656-20B54CC9A9C4}"
EndProject
Project("{FAE04EC0-301F-11D3-BF4B-00C04F79EFBC}") = "StomatoloskaOrdinacija", "StomatoloskaOrdinacija.Mobile\StomatoloskaOrdinacija\StomatoloskaOrdinacija\StomatoloskaOrdinacija.csproj", "{0ECE0A64-78EC-46A6-8910-B485D7C2FBA1}"
EndProject
Global
	GlobalSection(SolutionConfigurationPlatforms) = preSolution
		Debug|Any CPU = Debug|Any CPU
		Debug|ARM = Debug|ARM
		Debug|iPhone = Debug|iPhone
		Debug|iPhoneSimulator = Debug|iPhoneSimulator
		Debug|x64 = Debug|x64
		Debug|x86 = Debug|x86
		Release|Any CPU = Release|Any CPU
		Release|ARM = Release|ARM
		Release|iPhone = Release|iPhone
		Release|iPhoneSimulator = Release|iPhoneSimulator
		Release|x64 = Release|x64
		Release|x86 = Release|x86
	EndGlobalSection
	GlobalSection(ProjectConfigurationPlatforms) = postSolution
		{4C6BBD68-90AA-4E69-879A-F1AA44D9D6FA}.Debug|Any CPU.ActiveCfg = Debug|Any CPU
		{4C6BBD68-90AA-4E69-879A-F1AA44D9D6FA}.Debug|Any CPU.Build.0 = Debug|Any CPU
		{4C6BBD68-90AA-4E69-879A-F1AA44D9D6FA}.Debug|ARM.ActiveCfg = Debug|Any CPU
		{4C6BBD68-90AA-4E69-879A-F1AA44D9D6FA}.Debug|ARM.Build.0 = Debug|Any CPU
		{4C6BBD68-90AA-4E69-879A-F1AA44D9D6FA}.Debug|iPhone.ActiveCfg = Debug|Any CPU
		{4C6BBD68-90AA-4E69-879A-F1AA44D9D6FA}.Debug|iPhone.Build.0 = Debug|Any CPU
		{4C6BBD68-90AA-4E69-879A-F1AA44D9D6FA}.Debug|iPhoneSimulator.ActiveCfg = Debug|Any CPU
		{4C6BBD68-90AA-4E69-879A-F1AA44D9D6FA}.Debug|iPhoneSimulator.Build.0 = Debug|Any CPU
		{4C6BBD68-90AA-4E69-879A-F1AA44D9D6FA}.Debug|x64.ActiveCfg = Debug|Any CPU
		{4C6BBD68-90AA-4E69-879A-F1AA44D9D6FA}.Debug|x64.Build.0 = Debug|Any CPU
		{4C6BBD68-90AA-4E69-879A-F1AA44D9D6FA}.Debug|x86.ActiveCfg = Debug|Any CPU
		{4C6BBD68-90AA-4E69-879A-F1AA44D9D6FA}.Debug|x86.Build.0 = Debug|Any CPU
		{4C6BBD68-90AA-4E69-879A-F1AA44D9D6FA}.Release|Any CPU.ActiveCfg = Release|Any CPU
		{4C6BBD68-90AA-4E69-879A-F1AA44D9D6FA}.Release|Any CPU.Build.0 = Release|Any CPU
		{4C6BBD68-90AA-4E69-879A-F1AA44D9D6FA}.Release|ARM.ActiveCfg = Release|Any CPU
		{4C6BBD68-90AA-4E69-879A-F1AA44D9D6FA}.Release|ARM.Build.0 = Release|Any CPU
		{4C6BBD68-90AA-4E69-879A-F1AA44D9D6FA}.Release|iPhone.ActiveCfg = Release|Any CPU
		{4C6BBD68-90AA-4E69-879A-F1AA44D9D6FA}.Release|iPhone.Build.0 = Release|Any CPU
		{4C6BBD68-90AA-4E69-879A-F1AA44D9D6FA}.Release|iPhoneSimulator.ActiveCfg = Release|Any CPU
		{4C6BBD68-90AA-4E69-879A-F1AA44D9D6FA}.Release|iPhoneSimulator.Build.0 = Release|Any CPU
		{4C6BBD68-90AA-4E69-879A-F1AA44D9D6FA}.Release|x64.ActiveCfg = Release|Any CPU
		{4C6BBD68-90AA-4E69-879A-F1AA44D9D6FA}.Release|x64.Build.0 = Release|Any CPU
		{4C6BBD68-90AA-4E69-879A-F1AA44D9D6FA}.Release|x86.ActiveCfg = Release|Any CPU
		{4C6BBD68-90AA-4E69-879A-F1AA44D9D6FA}.Release|x86.Build.0 = Release|Any CPU
		{EBA50A6F-317B-4276-BE86-E6E3D19F7380}.Debug|Any CPU.ActiveCfg = Debug|Any CPU
		{EBA50A6F-317B-4276-BE86-E6E3D19F7380}.Debug|Any CPU.Build.0 = Debug|Any CPU
		{EBA50A6F-317B-4276-BE86-E6E3D19F7380}.Debug|ARM.ActiveCfg = Debug|Any CPU
		{EBA50A6F-317B-4276-BE86-E6E3D19F7380}.Debug|ARM.Build.0 = Debug|Any CPU
		{EBA50A6F-317B-4276-BE86-E6E3D19F7380}.Debug|iPhone.ActiveCfg = Debug|Any CPU
		{EBA50A6F-317B-4276-BE86-E6E3D19F7380}.Debug|iPhone.Build.0 = Debug|Any CPU
		{EBA50A6F-317B-4276-BE86-E6E3D19F7380}.Debug|iPhoneSimulator.ActiveCfg = Debug|Any CPU
		{EBA50A6F-317B-4276-BE86-E6E3D19F7380}.Debug|iPhoneSimulator.Build.0 = Debug|Any CPU
		{EBA50A6F-317B-4276-BE86-E6E3D19F7380}.Debug|x64.ActiveCfg = Debug|Any CPU
		{EBA50A6F-317B-4276-BE86-E6E3D19F7380}.Debug|x64.Build.0 = Debug|Any CPU
		{EBA50A6F-317B-4276-BE86-E6E3D19F7380}.Debug|x86.ActiveCfg = Debug|Any CPU
		{EBA50A6F-317B-4276-BE86-E6E3D19F7380}.Debug|x86.Build.0 = Debug|Any CPU
		{EBA50A6F-317B-4276-BE86-E6E3D19F7380}.Release|Any CPU.ActiveCfg = Release|Any CPU
		{EBA50A6F-317B-4276-BE86-E6E3D19F7380}.Release|Any CPU.Build.0 = Release|Any CPU
		{EBA50A6F-317B-4276-BE86-E6E3D19F7380}.Release|ARM.ActiveCfg = Release|Any CPU
		{EBA50A6F-317B-4276-BE86-E6E3D19F7380}.Release|ARM.Build.0 = Release|Any CPU
		{EBA50A6F-317B-4276-BE86-E6E3D19F7380}.Release|iPhone.ActiveCfg = Release|Any CPU
		{EBA50A6F-317B-4276-BE86-E6E3D19F7380}.Release|iPhone.Build.0 = Release|Any CPU
		{EBA50A6F-317B-4276-BE86-E6E3D19F7380}.Release|iPhoneSimulator.ActiveCfg = Release|Any CPU
		{EBA50A6F-317B-4276-BE86-E6E3D19F7380}.Release|iPhoneSimulator.Build.0 = Release|Any CPU
		{EBA50A6F-317B-4276-BE86-E6E3D19F7380}.Release|x64.ActiveCfg = Release|Any CPU
		{EBA50A6F-317B-4276-BE86-E6E3D19F7380}.Release|x64.Build.0 = Release|Any CPU
		{EBA50A6F-317B-4276-BE86-E6E3D19F7380}.Release|x86.ActiveCfg = Release|Any CPU
		{EBA50A6F-317B-4276-BE86-E6E3D19F7380}.Release|x86.Build.0 = Release|Any CPU
		{16F3AF25-9A7E-4BEA-A334-8A10819E75E4}.Debug|Any CPU.ActiveCfg = Debug|Any CPU
		{16F3AF25-9A7E-4BEA-A334-8A10819E75E4}.Debug|Any CPU.Build.0 = Debug|Any CPU
		{16F3AF25-9A7E-4BEA-A334-8A10819E75E4}.Debug|ARM.ActiveCfg = Debug|Any CPU
		{16F3AF25-9A7E-4BEA-A334-8A10819E75E4}.Debug|ARM.Build.0 = Debug|Any CPU
		{16F3AF25-9A7E-4BEA-A334-8A10819E75E4}.Debug|iPhone.ActiveCfg = Debug|Any CPU
		{16F3AF25-9A7E-4BEA-A334-8A10819E75E4}.Debug|iPhone.Build.0 = Debug|Any CPU
		{16F3AF25-9A7E-4BEA-A334-8A10819E75E4}.Debug|iPhoneSimulator.ActiveCfg = Debug|Any CPU
		{16F3AF25-9A7E-4BEA-A334-8A10819E75E4}.Debug|iPhoneSimulator.Build.0 = Debug|Any CPU
		{16F3AF25-9A7E-4BEA-A334-8A10819E75E4}.Debug|x64.ActiveCfg = Debug|Any CPU
		{16F3AF25-9A7E-4BEA-A334-8A10819E75E4}.Debug|x64.Build.0 = Debug|Any CPU
		{16F3AF25-9A7E-4BEA-A334-8A10819E75E4}.Debug|x86.ActiveCfg = Debug|Any CPU
		{16F3AF25-9A7E-4BEA-A334-8A10819E75E4}.Debug|x86.Build.0 = Debug|Any CPU
		{16F3AF25-9A7E-4BEA-A334-8A10819E75E4}.Release|Any CPU.ActiveCfg = Release|Any CPU
		{16F3AF25-9A7E-4BEA-A334-8A10819E75E4}.Release|Any CPU.Build.0 = Release|Any CPU
		{16F3AF25-9A7E-4BEA-A334-8A10819E75E4}.Release|ARM.ActiveCfg = Release|Any CPU
		{16F3AF25-9A7E-4BEA-A334-8A10819E75E4}.Release|ARM.Build.0 = Release|Any CPU
		{16F3AF25-9A7E-4BEA-A334-8A10819E75E4}.Release|iPhone.ActiveCfg = Release|Any CPU
		{16F3AF25-9A7E-4BEA-A334-8A10819E75E4}.Release|iPhone.Build.0 = Release|Any CPU
		{16F3AF25-9A7E-4BEA-A334-8A10819E75E4}.Release|iPhoneSimulator.ActiveCfg = Release|Any CPU
		{16F3AF25-9A7E-4BEA-A334-8A10819E75E4}.Release|iPhoneSimulator.Build.0 = Release|Any CPU
		{16F3AF25-9A7E-4BEA-A334-8A10819E75E4}.Release|x64.ActiveCfg = Release|Any CPU
		{16F3AF25-9A7E-4BEA-A334-8A10819E75E4}.Release|x64.Build.0 = Release|Any CPU
		{16F3AF25-9A7E-4BEA-A334-8A10819E75E4}.Release|x86.ActiveCfg = Release|Any CPU
		{16F3AF25-9A7E-4BEA-A334-8A10819E75E4}.Release|x86.Build.0 = Release|Any CPU
		{9A244CDA-0EDD-4882-8F86-46C38DE93193}.Debug|Any CPU.ActiveCfg = Debug|x86
		{9A244CDA-0EDD-4882-8F86-46C38DE93193}.Debug|ARM.ActiveCfg = Debug|ARM
		{9A244CDA-0EDD-4882-8F86-46C38DE93193}.Debug|ARM.Build.0 = Debug|ARM
		{9A244CDA-0EDD-4882-8F86-46C38DE93193}.Debug|ARM.Deploy.0 = Debug|ARM
		{9A244CDA-0EDD-4882-8F86-46C38DE93193}.Debug|iPhone.ActiveCfg = Debug|x86
		{9A244CDA-0EDD-4882-8F86-46C38DE93193}.Debug|iPhoneSimulator.ActiveCfg = Debug|x86
		{9A244CDA-0EDD-4882-8F86-46C38DE93193}.Debug|x64.ActiveCfg = Debug|x64
		{9A244CDA-0EDD-4882-8F86-46C38DE93193}.Debug|x64.Build.0 = Debug|x64
		{9A244CDA-0EDD-4882-8F86-46C38DE93193}.Debug|x64.Deploy.0 = Debug|x64
		{9A244CDA-0EDD-4882-8F86-46C38DE93193}.Debug|x86.ActiveCfg = Debug|x86
		{9A244CDA-0EDD-4882-8F86-46C38DE93193}.Debug|x86.Build.0 = Debug|x86
		{9A244CDA-0EDD-4882-8F86-46C38DE93193}.Debug|x86.Deploy.0 = Debug|x86
		{9A244CDA-0EDD-4882-8F86-46C38DE93193}.Release|Any CPU.ActiveCfg = Release|x86
		{9A244CDA-0EDD-4882-8F86-46C38DE93193}.Release|ARM.ActiveCfg = Release|ARM
		{9A244CDA-0EDD-4882-8F86-46C38DE93193}.Release|ARM.Build.0 = Release|ARM
		{9A244CDA-0EDD-4882-8F86-46C38DE93193}.Release|ARM.Deploy.0 = Release|ARM
		{9A244CDA-0EDD-4882-8F86-46C38DE93193}.Release|iPhone.ActiveCfg = Release|x86
		{9A244CDA-0EDD-4882-8F86-46C38DE93193}.Release|iPhoneSimulator.ActiveCfg = Release|x86
		{9A244CDA-0EDD-4882-8F86-46C38DE93193}.Release|x64.ActiveCfg = Release|x64
		{9A244CDA-0EDD-4882-8F86-46C38DE93193}.Release|x64.Build.0 = Release|x64
		{9A244CDA-0EDD-4882-8F86-46C38DE93193}.Release|x64.Deploy.0 = Release|x64
		{9A244CDA-0EDD-4882-8F86-46C38DE93193}.Release|x86.ActiveCfg = Release|x86
		{9A244CDA-0EDD-4882-8F86-46C38DE93193}.Release|x86.Build.0 = Release|x86
		{9A244CDA-0EDD-4882-8F86-46C38DE93193}.Release|x86.Deploy.0 = Release|x86
		{53B38EB6-6A17-4574-9BFD-85CDDBFFAF42}.Debug|Any CPU.ActiveCfg = Debug|Any CPU
		{53B38EB6-6A17-4574-9BFD-85CDDBFFAF42}.Debug|Any CPU.Build.0 = Debug|Any CPU
		{53B38EB6-6A17-4574-9BFD-85CDDBFFAF42}.Debug|Any CPU.Deploy.0 = Debug|Any CPU
		{53B38EB6-6A17-4574-9BFD-85CDDBFFAF42}.Debug|ARM.ActiveCfg = Debug|Any CPU
		{53B38EB6-6A17-4574-9BFD-85CDDBFFAF42}.Debug|ARM.Build.0 = Debug|Any CPU
		{53B38EB6-6A17-4574-9BFD-85CDDBFFAF42}.Debug|ARM.Deploy.0 = Debug|Any CPU
		{53B38EB6-6A17-4574-9BFD-85CDDBFFAF42}.Debug|iPhone.ActiveCfg = Debug|Any CPU
		{53B38EB6-6A17-4574-9BFD-85CDDBFFAF42}.Debug|iPhone.Build.0 = Debug|Any CPU
		{53B38EB6-6A17-4574-9BFD-85CDDBFFAF42}.Debug|iPhone.Deploy.0 = Debug|Any CPU
		{53B38EB6-6A17-4574-9BFD-85CDDBFFAF42}.Debug|iPhoneSimulator.ActiveCfg = Debug|Any CPU
		{53B38EB6-6A17-4574-9BFD-85CDDBFFAF42}.Debug|iPhoneSimulator.Build.0 = Debug|Any CPU
		{53B38EB6-6A17-4574-9BFD-85CDDBFFAF42}.Debug|iPhoneSimulator.Deploy.0 = Debug|Any CPU
		{53B38EB6-6A17-4574-9BFD-85CDDBFFAF42}.Debug|x64.ActiveCfg = Debug|Any CPU
		{53B38EB6-6A17-4574-9BFD-85CDDBFFAF42}.Debug|x64.Build.0 = Debug|Any CPU
		{53B38EB6-6A17-4574-9BFD-85CDDBFFAF42}.Debug|x64.Deploy.0 = Debug|Any CPU
		{53B38EB6-6A17-4574-9BFD-85CDDBFFAF42}.Debug|x86.ActiveCfg = Debug|Any CPU
		{53B38EB6-6A17-4574-9BFD-85CDDBFFAF42}.Debug|x86.Build.0 = Debug|Any CPU
		{53B38EB6-6A17-4574-9BFD-85CDDBFFAF42}.Debug|x86.Deploy.0 = Debug|Any CPU
		{53B38EB6-6A17-4574-9BFD-85CDDBFFAF42}.Release|Any CPU.ActiveCfg = Release|Any CPU
		{53B38EB6-6A17-4574-9BFD-85CDDBFFAF42}.Release|Any CPU.Build.0 = Release|Any CPU
		{53B38EB6-6A17-4574-9BFD-85CDDBFFAF42}.Release|Any CPU.Deploy.0 = Release|Any CPU
		{53B38EB6-6A17-4574-9BFD-85CDDBFFAF42}.Release|ARM.ActiveCfg = Release|Any CPU
		{53B38EB6-6A17-4574-9BFD-85CDDBFFAF42}.Release|ARM.Build.0 = Release|Any CPU
		{53B38EB6-6A17-4574-9BFD-85CDDBFFAF42}.Release|ARM.Deploy.0 = Release|Any CPU
		{53B38EB6-6A17-4574-9BFD-85CDDBFFAF42}.Release|iPhone.ActiveCfg = Release|Any CPU
		{53B38EB6-6A17-4574-9BFD-85CDDBFFAF42}.Release|iPhone.Build.0 = Release|Any CPU
		{53B38EB6-6A17-4574-9BFD-85CDDBFFAF42}.Release|iPhone.Deploy.0 = Release|Any CPU
		{53B38EB6-6A17-4574-9BFD-85CDDBFFAF42}.Release|iPhoneSimulator.ActiveCfg = Release|Any CPU
		{53B38EB6-6A17-4574-9BFD-85CDDBFFAF42}.Release|iPhoneSimulator.Build.0 = Release|Any CPU
		{53B38EB6-6A17-4574-9BFD-85CDDBFFAF42}.Release|iPhoneSimulator.Deploy.0 = Release|Any CPU
		{53B38EB6-6A17-4574-9BFD-85CDDBFFAF42}.Release|x64.ActiveCfg = Release|Any CPU
		{53B38EB6-6A17-4574-9BFD-85CDDBFFAF42}.Release|x64.Build.0 = Release|Any CPU
		{53B38EB6-6A17-4574-9BFD-85CDDBFFAF42}.Release|x64.Deploy.0 = Release|Any CPU
		{53B38EB6-6A17-4574-9BFD-85CDDBFFAF42}.Release|x86.ActiveCfg = Release|Any CPU
		{53B38EB6-6A17-4574-9BFD-85CDDBFFAF42}.Release|x86.Build.0 = Release|Any CPU
		{53B38EB6-6A17-4574-9BFD-85CDDBFFAF42}.Release|x86.Deploy.0 = Release|Any CPU
		{04BFCEEF-6202-4014-9656-20B54CC9A9C4}.Debug|Any CPU.ActiveCfg = Debug|iPhone
		{04BFCEEF-6202-4014-9656-20B54CC9A9C4}.Debug|ARM.ActiveCfg = Debug|iPhone
		{04BFCEEF-6202-4014-9656-20B54CC9A9C4}.Debug|iPhone.ActiveCfg = Debug|iPhone
		{04BFCEEF-6202-4014-9656-20B54CC9A9C4}.Debug|iPhone.Build.0 = Debug|iPhone
		{04BFCEEF-6202-4014-9656-20B54CC9A9C4}.Debug|iPhoneSimulator.ActiveCfg = Debug|iPhoneSimulator
		{04BFCEEF-6202-4014-9656-20B54CC9A9C4}.Debug|iPhoneSimulator.Build.0 = Debug|iPhoneSimulator
		{04BFCEEF-6202-4014-9656-20B54CC9A9C4}.Debug|x64.ActiveCfg = Debug|iPhone
		{04BFCEEF-6202-4014-9656-20B54CC9A9C4}.Debug|x86.ActiveCfg = Debug|iPhone
		{04BFCEEF-6202-4014-9656-20B54CC9A9C4}.Release|Any CPU.ActiveCfg = Release|iPhone
		{04BFCEEF-6202-4014-9656-20B54CC9A9C4}.Release|ARM.ActiveCfg = Release|iPhone
		{04BFCEEF-6202-4014-9656-20B54CC9A9C4}.Release|iPhone.ActiveCfg = Release|iPhone
		{04BFCEEF-6202-4014-9656-20B54CC9A9C4}.Release|iPhone.Build.0 = Release|iPhone
		{04BFCEEF-6202-4014-9656-20B54CC9A9C4}.Release|iPhoneSimulator.ActiveCfg = Release|iPhoneSimulator
		{04BFCEEF-6202-4014-9656-20B54CC9A9C4}.Release|iPhoneSimulator.Build.0 = Release|iPhoneSimulator
		{04BFCEEF-6202-4014-9656-20B54CC9A9C4}.Release|x64.ActiveCfg = Release|iPhone
		{04BFCEEF-6202-4014-9656-20B54CC9A9C4}.Release|x86.ActiveCfg = Release|iPhone
		{0ECE0A64-78EC-46A6-8910-B485D7C2FBA1}.Debug|Any CPU.ActiveCfg = Debug|Any CPU
		{0ECE0A64-78EC-46A6-8910-B485D7C2FBA1}.Debug|Any CPU.Build.0 = Debug|Any CPU
		{0ECE0A64-78EC-46A6-8910-B485D7C2FBA1}.Debug|ARM.ActiveCfg = Debug|Any CPU
		{0ECE0A64-78EC-46A6-8910-B485D7C2FBA1}.Debug|ARM.Build.0 = Debug|Any CPU
		{0ECE0A64-78EC-46A6-8910-B485D7C2FBA1}.Debug|iPhone.ActiveCfg = Debug|Any CPU
		{0ECE0A64-78EC-46A6-8910-B485D7C2FBA1}.Debug|iPhone.Build.0 = Debug|Any CPU
		{0ECE0A64-78EC-46A6-8910-B485D7C2FBA1}.Debug|iPhoneSimulator.ActiveCfg = Debug|Any CPU
		{0ECE0A64-78EC-46A6-8910-B485D7C2FBA1}.Debug|iPhoneSimulator.Build.0 = Debug|Any CPU
		{0ECE0A64-78EC-46A6-8910-B485D7C2FBA1}.Debug|x64.ActiveCfg = Debug|Any CPU
		{0ECE0A64-78EC-46A6-8910-B485D7C2FBA1}.Debug|x64.Build.0 = Debug|Any CPU
		{0ECE0A64-78EC-46A6-8910-B485D7C2FBA1}.Debug|x86.ActiveCfg = Debug|Any CPU
		{0ECE0A64-78EC-46A6-8910-B485D7C2FBA1}.Debug|x86.Build.0 = Debug|Any CPU
		{0ECE0A64-78EC-46A6-8910-B485D7C2FBA1}.Release|Any CPU.ActiveCfg = Release|Any CPU
		{0ECE0A64-78EC-46A6-8910-B485D7C2FBA1}.Release|Any CPU.Build.0 = Release|Any CPU
		{0ECE0A64-78EC-46A6-8910-B485D7C2FBA1}.Release|ARM.ActiveCfg = Release|Any CPU
		{0ECE0A64-78EC-46A6-8910-B485D7C2FBA1}.Release|ARM.Build.0 = Release|Any CPU
		{0ECE0A64-78EC-46A6-8910-B485D7C2FBA1}.Release|iPhone.ActiveCfg = Release|Any CPU
		{0ECE0A64-78EC-46A6-8910-B485D7C2FBA1}.Release|iPhone.Build.0 = Release|Any CPU
		{0ECE0A64-78EC-46A6-8910-B485D7C2FBA1}.Release|iPhoneSimulator.ActiveCfg = Release|Any CPU
		{0ECE0A64-78EC-46A6-8910-B485D7C2FBA1}.Release|iPhoneSimulator.Build.0 = Release|Any CPU
		{0ECE0A64-78EC-46A6-8910-B485D7C2FBA1}.Release|x64.ActiveCfg = Release|Any CPU
		{0ECE0A64-78EC-46A6-8910-B485D7C2FBA1}.Release|x64.Build.0 = Release|Any CPU
		{0ECE0A64-78EC-46A6-8910-B485D7C2FBA1}.Release|x86.ActiveCfg = Release|Any CPU
		{0ECE0A64-78EC-46A6-8910-B485D7C2FBA1}.Release|x86.Build.0 = Release|Any CPU
	EndGlobalSection
	GlobalSection(SolutionProperties) = preSolution
		HideSolutionNode = FALSE
	EndGlobalSection
	GlobalSection(NestedProjects) = preSolution
		{9A244CDA-0EDD-4882-8F86-46C38DE93193} = {E18D0A6B-C312-40B1-89E1-DB9C116D37CA}
		{53B38EB6-6A17-4574-9BFD-85CDDBFFAF42} = {E18D0A6B-C312-40B1-89E1-DB9C116D37CA}
		{04BFCEEF-6202-4014-9656-20B54CC9A9C4} = {E18D0A6B-C312-40B1-89E1-DB9C116D37CA}
		{0ECE0A64-78EC-46A6-8910-B485D7C2FBA1} = {E18D0A6B-C312-40B1-89E1-DB9C116D37CA}
	EndGlobalSection
	GlobalSection(ExtensibilityGlobals) = postSolution
		SolutionGuid = {70D54697-33B7-470A-A09F-EFFE91323420}
	EndGlobalSection
EndGlobal
